<?xml version="1.0" encoding="utf-8"?>
<Project ToolsVersion="4.0" xmlns="http://schemas.microsoft.com/developer/msbuild/2003">
  <ItemGroup>
    <Filter Include="Source Files">
      <UniqueIdentifier>{4FC737F1-C7A5-4376-A066-2A32D752A2FF}</UniqueIdentifier>
      <Extensions>cpp;c;cc;cxx;def;odl;idl;hpj;bat;asm;asmx</Extensions>
    </Filter>
    <Filter Include="Header Files">
      <UniqueIdentifier>{93995380-89BD-4b04-88EB-625FBE52EBFB}</UniqueIdentifier>
      <Extensions>h;hh;hpp;hxx;hm;inl;inc;xsd</Extensions>
    </Filter>
    <Filter Include="Resource Files">
      <UniqueIdentifier>{67DA6AB6-F800-4c08-8B7A-83BB121AAD01}</UniqueIdentifier>
      <Extensions>rc;ico;cur;bmp;dlg;rc2;rct;bin;rgs;gif;jpg;jpeg;jpe;resx;tiff;tif;png;wav;mfcribbon-ms</Extensions>
    </Filter>
  </ItemGroup>
  <ItemGroup>
    <Text Include="ReadMe.txt" />
  </ItemGroup>
  <ItemGroup>
    <ClInclude Include="case_type.h">
      <Filter>Header Files</Filter>
    </ClInclude>
    <ClInclude Include="cartridge.h">
      <Filter>Header Files</Filter>
    </ClInclude>
    <ClInclude Include="bullet_type.h">
      <Filter>Header Files</Filter>
    </ClInclude>
    <ClInclude Include="propellant_type.h">
      <Filter>Header Files</Filter>
    </ClInclude>
    <ClInclude Include="primer_type.h">
      <Filter>Header Files</Filter>
    </ClInclude>
    <ClInclude Include="named.h">
      <Filter>Header Files</Filter>
    </ClInclude>
    <ClInclude Include="primer.h">
      <Filter>Header Files</Filter>
    </ClInclude>
    <ClInclude Include="nameable.h">
      <Filter>Header Files</Filter>
    </ClInclude>
    <ClInclude Include="ammo_box.h">
      <Filter>Header Files</Filter>
    </ClInclude>
    <ClInclude Include="calibre.h">
      <Filter>Header Files</Filter>
    </ClInclude>
    <ClInclude Include="ammo_factory.h">
      <Filter>Header Files</Filter>
    </ClInclude>
    <ClInclude Include="unsigned_float.h">
      <Filter>Header Files</Filter>
    </ClInclude>
    <ClInclude Include="barrel_type.h">
      <Filter>Header Files</Filter>
    </ClInclude>
    <ClInclude Include="chamber.h">
      <Filter>Header Files</Filter>
    </ClInclude>
    <ClInclude Include="receiver.h">
      <Filter>Header Files</Filter>
    </ClInclude>
    <ClInclude Include="break_action.h">
      <Filter>Header Files</Filter>
    </ClInclude>
    <ClInclude Include="gun.h">
      <Filter>Header Files</Filter>
    </ClInclude>
    <ClInclude Include="magazine.h">
      <Filter>Header Files</Filter>
    </ClInclude>
    <ClInclude Include="magazine_type.h">
      <Filter>Header Files</Filter>
    </ClInclude>
    <ClInclude Include="bolt_action.h">
      <Filter>Header Files</Filter>
    </ClInclude>
  </ItemGroup>
  <ItemGroup>
    <ClCompile Include="CentreFire.cpp">
      <Filter>Source Files</Filter>
    </ClCompile>
    <ClCompile Include="case_type.cpp">
      <Filter>Source Files</Filter>
    </ClCompile>
    <ClCompile Include="cartridge.cpp">
      <Filter>Source Files</Filter>
    </ClCompile>
    <ClCompile Include="bullet_type.cpp">
      <Filter>Source Files</Filter>
    </ClCompile>
    <ClCompile Include="propellant_type.cpp">
      <Filter>Source Files</Filter>
    </ClCompile>
    <ClCompile Include="primer_type.cpp">
      <Filter>Source Files</Filter>
    </ClCompile>
    <ClCompile Include="named.cpp">
      <Filter>Source Files</Filter>
    </ClCompile>
    <ClCompile Include="primer.cpp">
      <Filter>Source Files</Filter>
    </ClCompile>
    <ClCompile Include="ammo_box.cpp">
      <Filter>Source Files</Filter>
    </ClCompile>
    <ClCompile Include="calibre.cpp">
      <Filter>Source Files</Filter>
    </ClCompile>
    <ClCompile Include="ammo_factory.cpp">
      <Filter>Source Files</Filter>
    </ClCompile>
    <ClCompile Include="barrel_type.cpp">
      <Filter>Source Files</Filter>
    </ClCompile>
    <ClCompile Include="chamber.cpp">
      <Filter>Source Files</Filter>
    </ClCompile>
    <ClCompile Include="break_action.cpp">
      <Filter>Source Files</Filter>
    </ClCompile>
    <ClCompile Include="gun.cpp">
      <Filter>Source Files</Filter>
    </ClCompile>
    <ClCompile Include="magazine.cpp">
      <Filter>Source Files</Filter>
    </ClCompile>
    <ClCompile Include="magazine_type.cpp">
      <Filter>Source Files</Filter>
    </ClCompile>
    <ClCompile Include="bolt_action.cpp">
      <Filter>Source Files</Filter>
    </ClCompile>
  </ItemGroup>
</Project>